
Microsoft Visual Studio Solution File, Format Version 12.00
# Visual Studio 15
VisualStudioVersion = 15.0.26730.3
MinimumVisualStudioVersion = 10.0.40219.1
Project("{9A19103F-16F7-4668-BE54-9A1E7A4F7556}") = "Demo.Common", "src\demo\Demo.Common\Demo.Common.csproj", "{F04CA2F4-E182-46A8-B914-F46AF5319E83}"
EndProject
Project("{9A19103F-16F7-4668-BE54-9A1E7A4F7556}") = "Lucene.Net", "src\Lucene.Net\Lucene.Net.csproj", "{5D4AD9BE-1FFB-41AB-9943-25737971BF57}"
EndProject
Project("{9A19103F-16F7-4668-BE54-9A1E7A4F7556}") = "Lucene.Net.Test", "test\Lucene.Net.Test\Lucene.Net.Test.csproj", "{72CF8BC1-3B48-4FEF-B1FC-35E0428631F4}"
EndProject
Project("{9A19103F-16F7-4668-BE54-9A1E7A4F7556}") = "Lucene.Net.Contrib.Spatial.NTS", "src\contrib\Lucene.Net.Contrib.Spatial.NTS\Lucene.Net.Contrib.Spatial.NTS.csproj", "{4A176A7B-5F06-4B6D-A022-9AE9B85F6C65}"
EndProject
Project("{9A19103F-16F7-4668-BE54-9A1E7A4F7556}") = "Spatial4n.Core.NTS", "..\Spatial4n\Spatial4n.Core\Spatial4n.Core.NTS.csproj", "{48A8B8C8-0564-4C11-817B-13B075F50ABA}"
EndProject
Project("{9A19103F-16F7-4668-BE54-9A1E7A4F7556}") = "GeoAPI", "..\GeoAPI\GeoAPI\GeoAPI.csproj", "{32C82ABA-8D44-4266-B17F-67AD3D29D18A}"
EndProject
Project("{9A19103F-16F7-4668-BE54-9A1E7A4F7556}") = "NetTopologySuite", "..\NetTopologySuite\NetTopologySuite\NetTopologySuite.csproj", "{4B2190BC-1EEE-4342-8B1B-22D5F94F8D35}"
EndProject
Project("{2150E333-8FDC-42A3-9474-1A3956D46DE8}") = "test", "test", "{4161BF1F-2917-4547-ABD0-54AAF9E97BC8}"
EndProject
Project("{2150E333-8FDC-42A3-9474-1A3956D46DE8}") = "src", "src", "{27B24BCD-695E-4C4D-AE4F-58F98EFFBF7A}"
EndProject
Project("{9A19103F-16F7-4668-BE54-9A1E7A4F7556}") = "Lucene.Net.Contrib.Spatial.Tests", "test\contrib\Lucene.Net.Contrib.Spatial.Tests\Lucene.Net.Contrib.Spatial.Tests.csproj", "{F0B1D74F-9C24-4D49-8660-7425BE8F91E2}"
EndProject
Global
	GlobalSection(SolutionConfigurationPlatforms) = preSolution
		Debug|Any CPU = Debug|Any CPU
		Debug35|Any CPU = Debug35|Any CPU
		Release|Any CPU = Release|Any CPU
		Release35|Any CPU = Release35|Any CPU
	EndGlobalSection
	GlobalSection(ProjectConfigurationPlatforms) = postSolution
		{F04CA2F4-E182-46A8-B914-F46AF5319E83}.Debug|Any CPU.ActiveCfg = Debug|Any CPU
		{F04CA2F4-E182-46A8-B914-F46AF5319E83}.Debug|Any CPU.Build.0 = Debug|Any CPU
		{F04CA2F4-E182-46A8-B914-F46AF5319E83}.Debug35|Any CPU.ActiveCfg = Debug|Any CPU
		{F04CA2F4-E182-46A8-B914-F46AF5319E83}.Debug35|Any CPU.Build.0 = Debug|Any CPU
		{F04CA2F4-E182-46A8-B914-F46AF5319E83}.Release|Any CPU.ActiveCfg = Release|Any CPU
		{F04CA2F4-E182-46A8-B914-F46AF5319E83}.Release|Any CPU.Build.0 = Release|Any CPU
		{F04CA2F4-E182-46A8-B914-F46AF5319E83}.Release35|Any CPU.ActiveCfg = Release|Any CPU
		{F04CA2F4-E182-46A8-B914-F46AF5319E83}.Release35|Any CPU.Build.0 = Release|Any CPU
		{5D4AD9BE-1FFB-41AB-9943-25737971BF57}.Debug|Any CPU.ActiveCfg = Debug|Any CPU
		{5D4AD9BE-1FFB-41AB-9943-25737971BF57}.Debug|Any CPU.Build.0 = Debug|Any CPU
		{5D4AD9BE-1FFB-41AB-9943-25737971BF57}.Debug35|Any CPU.ActiveCfg = Debug|Any CPU
		{5D4AD9BE-1FFB-41AB-9943-25737971BF57}.Debug35|Any CPU.Build.0 = Debug|Any CPU
		{5D4AD9BE-1FFB-41AB-9943-25737971BF57}.Release|Any CPU.ActiveCfg = Release|Any CPU
		{5D4AD9BE-1FFB-41AB-9943-25737971BF57}.Release|Any CPU.Build.0 = Release|Any CPU
		{5D4AD9BE-1FFB-41AB-9943-25737971BF57}.Release35|Any CPU.ActiveCfg = Release|Any CPU
		{5D4AD9BE-1FFB-41AB-9943-25737971BF57}.Release35|Any CPU.Build.0 = Release|Any CPU
		{72CF8BC1-3B48-4FEF-B1FC-35E0428631F4}.Debug|Any CPU.ActiveCfg = Debug|Any CPU
		{72CF8BC1-3B48-4FEF-B1FC-35E0428631F4}.Debug|Any CPU.Build.0 = Debug|Any CPU
		{72CF8BC1-3B48-4FEF-B1FC-35E0428631F4}.Debug35|Any CPU.ActiveCfg = Debug|Any CPU
		{72CF8BC1-3B48-4FEF-B1FC-35E0428631F4}.Debug35|Any CPU.Build.0 = Debug|Any CPU
		{72CF8BC1-3B48-4FEF-B1FC-35E0428631F4}.Release|Any CPU.ActiveCfg = Release|Any CPU
		{72CF8BC1-3B48-4FEF-B1FC-35E0428631F4}.Release|Any CPU.Build.0 = Release|Any CPU
		{72CF8BC1-3B48-4FEF-B1FC-35E0428631F4}.Release35|Any CPU.ActiveCfg = Release|Any CPU
		{72CF8BC1-3B48-4FEF-B1FC-35E0428631F4}.Release35|Any CPU.Build.0 = Release|Any CPU
		{4A176A7B-5F06-4B6D-A022-9AE9B85F6C65}.Debug|Any CPU.ActiveCfg = Debug|Any CPU
		{4A176A7B-5F06-4B6D-A022-9AE9B85F6C65}.Debug|Any CPU.Build.0 = Debug|Any CPU
		{4A176A7B-5F06-4B6D-A022-9AE9B85F6C65}.Debug35|Any CPU.ActiveCfg = Debug|Any CPU
		{4A176A7B-5F06-4B6D-A022-9AE9B85F6C65}.Debug35|Any CPU.Build.0 = Debug|Any CPU
		{4A176A7B-5F06-4B6D-A022-9AE9B85F6C65}.Release|Any CPU.ActiveCfg = Release|Any CPU
		{4A176A7B-5F06-4B6D-A022-9AE9B85F6C65}.Release|Any CPU.Build.0 = Release|Any CPU
		{4A176A7B-5F06-4B6D-A022-9AE9B85F6C65}.Release35|Any CPU.ActiveCfg = Release|Any CPU
		{4A176A7B-5F06-4B6D-A022-9AE9B85F6C65}.Release35|Any CPU.Build.0 = Release|Any CPU
		{48A8B8C8-0564-4C11-817B-13B075F50ABA}.Debug|Any CPU.ActiveCfg = Debug|Any CPU
		{48A8B8C8-0564-4C11-817B-13B075F50ABA}.Debug|Any CPU.Build.0 = Debug|Any CPU
		{48A8B8C8-0564-4C11-817B-13B075F50ABA}.Debug35|Any CPU.ActiveCfg = Debug|Any CPU
		{48A8B8C8-0564-4C11-817B-13B075F50ABA}.Debug35|Any CPU.Build.0 = Debug|Any CPU
		{48A8B8C8-0564-4C11-817B-13B075F50ABA}.Release|Any CPU.ActiveCfg = Release|Any CPU
		{48A8B8C8-0564-4C11-817B-13B075F50ABA}.Release|Any CPU.Build.0 = Release|Any CPU
		{48A8B8C8-0564-4C11-817B-13B075F50ABA}.Release35|Any CPU.ActiveCfg = Release|Any CPU
		{48A8B8C8-0564-4C11-817B-13B075F50ABA}.Release35|Any CPU.Build.0 = Release|Any CPU
		{32C82ABA-8D44-4266-B17F-67AD3D29D18A}.Debug|Any CPU.ActiveCfg = Debug|Any CPU
		{32C82ABA-8D44-4266-B17F-67AD3D29D18A}.Debug|Any CPU.Build.0 = Debug|Any CPU
		{32C82ABA-8D44-4266-B17F-67AD3D29D18A}.Debug35|Any CPU.ActiveCfg = Debug|Any CPU
		{32C82ABA-8D44-4266-B17F-67AD3D29D18A}.Debug35|Any CPU.Build.0 = Debug|Any CPU
		{32C82ABA-8D44-4266-B17F-67AD3D29D18A}.Release|Any CPU.ActiveCfg = Release|Any CPU
		{32C82ABA-8D44-4266-B17F-67AD3D29D18A}.Release|Any CPU.Build.0 = Release|Any CPU
		{32C82ABA-8D44-4266-B17F-67AD3D29D18A}.Release35|Any CPU.ActiveCfg = Release|Any CPU
		{32C82ABA-8D44-4266-B17F-67AD3D29D18A}.Release35|Any CPU.Build.0 = Release|Any CPU
		{4B2190BC-1EEE-4342-8B1B-22D5F94F8D35}.Debug|Any CPU.ActiveCfg = Debug|Any CPU
		{4B2190BC-1EEE-4342-8B1B-22D5F94F8D35}.Debug|Any CPU.Build.0 = Debug|Any CPU
		{4B2190BC-1EEE-4342-8B1B-22D5F94F8D35}.Debug35|Any CPU.ActiveCfg = Debug|Any CPU
		{4B2190BC-1EEE-4342-8B1B-22D5F94F8D35}.Debug35|Any CPU.Build.0 = Debug|Any CPU
		{4B2190BC-1EEE-4342-8B1B-22D5F94F8D35}.Release|Any CPU.ActiveCfg = Release|Any CPU
		{4B2190BC-1EEE-4342-8B1B-22D5F94F8D35}.Release|Any CPU.Build.0 = Release|Any CPU
		{4B2190BC-1EEE-4342-8B1B-22D5F94F8D35}.Release35|Any CPU.ActiveCfg = Release|Any CPU
		{4B2190BC-1EEE-4342-8B1B-22D5F94F8D35}.Release35|Any CPU.Build.0 = Release|Any CPU
		{F0B1D74F-9C24-4D49-8660-7425BE8F91E2}.Debug|Any CPU.ActiveCfg = Debug|Any CPU
		{F0B1D74F-9C24-4D49-8660-7425BE8F91E2}.Debug|Any CPU.Build.0 = Debug|Any CPU
		{F0B1D74F-9C24-4D49-8660-7425BE8F91E2}.Debug35|Any CPU.ActiveCfg = Debug|Any CPU
		{F0B1D74F-9C24-4D49-8660-7425BE8F91E2}.Debug35|Any CPU.Build.0 = Debug|Any CPU
		{F0B1D74F-9C24-4D49-8660-7425BE8F91E2}.Release|Any CPU.ActiveCfg = Release|Any CPU
		{F0B1D74F-9C24-4D49-8660-7425BE8F91E2}.Release|Any CPU.Build.0 = Release|Any CPU
		{F0B1D74F-9C24-4D49-8660-7425BE8F91E2}.Release35|Any CPU.ActiveCfg = Release|Any CPU
		{F0B1D74F-9C24-4D49-8660-7425BE8F91E2}.Release35|Any CPU.Build.0 = Release|Any CPU
	EndGlobalSection
	GlobalSection(SolutionProperties) = preSolution
		HideSolutionNode = FALSE
	EndGlobalSection
	GlobalSection(NestedProjects) = preSolution
		{F04CA2F4-E182-46A8-B914-F46AF5319E83} = {4161BF1F-2917-4547-ABD0-54AAF9E97BC8}
		{5D4AD9BE-1FFB-41AB-9943-25737971BF57} = {27B24BCD-695E-4C4D-AE4F-58F98EFFBF7A}
		{72CF8BC1-3B48-4FEF-B1FC-35E0428631F4} = {4161BF1F-2917-4547-ABD0-54AAF9E97BC8}
		{4A176A7B-5F06-4B6D-A022-9AE9B85F6C65} = {27B24BCD-695E-4C4D-AE4F-58F98EFFBF7A}
		{48A8B8C8-0564-4C11-817B-13B075F50ABA} = {27B24BCD-695E-4C4D-AE4F-58F98EFFBF7A}
		{32C82ABA-8D44-4266-B17F-67AD3D29D18A} = {27B24BCD-695E-4C4D-AE4F-58F98EFFBF7A}
		{4B2190BC-1EEE-4342-8B1B-22D5F94F8D35} = {27B24BCD-695E-4C4D-AE4F-58F98EFFBF7A}
		{F0B1D74F-9C24-4D49-8660-7425BE8F91E2} = {4161BF1F-2917-4547-ABD0-54AAF9E97BC8}
	EndGlobalSection
	GlobalSection(ExtensibilityGlobals) = postSolution
		SolutionGuid = {4484C268-4C8C-4D9F-81D2-BEB4763C5EB6}
	EndGlobalSection
	GlobalSection(CodealikeProperties) = postSolution
		SolutionGuid = 4dcfcd57-d236-49fc-b446-d90cef07526a
	EndGlobalSection
EndGlobal
