
Microsoft Visual Studio Solution File, Format Version 12.00
# Visual Studio Version 16
VisualStudioVersion = 16.0.28729.10
MinimumVisualStudioVersion = 10.0.40219.1
Project("{9A19103F-16F7-4668-BE54-9A1E7A4F7556}") = "Demo.Common", "src\demo\Demo.Common\Demo.Common.csproj", "{F04CA2F4-E182-46A8-B914-F46AF5319E83}"
EndProject
Project("{9A19103F-16F7-4668-BE54-9A1E7A4F7556}") = "Lucene.Net", "src\Lucene.Net\Lucene.Net.csproj", "{5D4AD9BE-1FFB-41AB-9943-25737971BF57}"
EndProject
Project("{9A19103F-16F7-4668-BE54-9A1E7A4F7556}") = "Lucene.Net.Test", "test\Lucene.Net.Test\Lucene.Net.Test.csproj", "{72CF8BC1-3B48-4FEF-B1FC-35E0428631F4}"
EndProject
Project("{9A19103F-16F7-4668-BE54-9A1E7A4F7556}") = "Lucene.Net.Contrib.Spatial.NTS", "src\contrib\Lucene.Net.Contrib.Spatial.NTS\Lucene.Net.Contrib.Spatial.NTS.csproj", "{4A176A7B-5F06-4B6D-A022-9AE9B85F6C65}"
EndProject
Project("{2150E333-8FDC-42A3-9474-1A3956D46DE8}") = "test", "test", "{4161BF1F-2917-4547-ABD0-54AAF9E97BC8}"
EndProject
Project("{2150E333-8FDC-42A3-9474-1A3956D46DE8}") = "src", "src", "{27B24BCD-695E-4C4D-AE4F-58F98EFFBF7A}"
EndProject
Project("{9A19103F-16F7-4668-BE54-9A1E7A4F7556}") = "Lucene.Net.Contrib.Spatial.Tests", "test\contrib\Lucene.Net.Contrib.Spatial.Tests\Lucene.Net.Contrib.Spatial.Tests.csproj", "{F0B1D74F-9C24-4D49-8660-7425BE8F91E2}"
EndProject
Project("{9A19103F-16F7-4668-BE54-9A1E7A4F7556}") = "Lucene.Net.Contrib.FastVectorHighlighter", "src\contrib\Lucene.Net.Contrib.FastVectorHighlighter\Lucene.Net.Contrib.FastVectorHighlighter.csproj", "{86B708A0-5F8D-4014-A132-1ADD2E8BFAF8}"
EndProject
Project("{9A19103F-16F7-4668-BE54-9A1E7A4F7556}") = "Lucene.Net.Contrib.FastVectorHighlighter.Tests", "test\contrib\Lucene.Net.Contrib.FastVectorHighlighter.Tests\Lucene.Net.Contrib.FastVectorHighlighter.Tests.csproj", "{1A8B2267-B8D8-4539-B0D0-7E755A2CDF42}"
EndProject
Project("{9A19103F-16F7-4668-BE54-9A1E7A4F7556}") = "Spatial4n.Core.NTS", "..\Spatial4n\Spatial4n.Core.NTS\Spatial4n.Core.NTS.csproj", "{3BF3D5E4-CAD1-4287-B88A-70BE80C4A7AC}"
EndProject
Project("{9A19103F-16F7-4668-BE54-9A1E7A4F7556}") = "Spatial4n.Core", "..\Spatial4n\Spatial4n.Core\Spatial4n.Core.csproj", "{DF555858-4CF6-4CAC-8BAD-662D798B5D60}"
EndProject
Global
	GlobalSection(SolutionConfigurationPlatforms) = preSolution
		Debug|Any CPU = Debug|Any CPU
		Debug35|Any CPU = Debug35|Any CPU
		Release|Any CPU = Release|Any CPU
		Release35|Any CPU = Release35|Any CPU
	EndGlobalSection
	GlobalSection(ProjectConfigurationPlatforms) = postSolution
		{F04CA2F4-E182-46A8-B914-F46AF5319E83}.Debug|Any CPU.ActiveCfg = Debug|Any CPU
		{F04CA2F4-E182-46A8-B914-F46AF5319E83}.Debug|Any CPU.Build.0 = Debug|Any CPU
		{F04CA2F4-E182-46A8-B914-F46AF5319E83}.Debug35|Any CPU.ActiveCfg = Debug|Any CPU
		{F04CA2F4-E182-46A8-B914-F46AF5319E83}.Debug35|Any CPU.Build.0 = Debug|Any CPU
		{F04CA2F4-E182-46A8-B914-F46AF5319E83}.Release|Any CPU.ActiveCfg = Release|Any CPU
		{F04CA2F4-E182-46A8-B914-F46AF5319E83}.Release|Any CPU.Build.0 = Release|Any CPU
		{F04CA2F4-E182-46A8-B914-F46AF5319E83}.Release35|Any CPU.ActiveCfg = Release|Any CPU
		{F04CA2F4-E182-46A8-B914-F46AF5319E83}.Release35|Any CPU.Build.0 = Release|Any CPU
		{5D4AD9BE-1FFB-41AB-9943-25737971BF57}.Debug|Any CPU.ActiveCfg = Debug|Any CPU
		{5D4AD9BE-1FFB-41AB-9943-25737971BF57}.Debug|Any CPU.Build.0 = Debug|Any CPU
		{5D4AD9BE-1FFB-41AB-9943-25737971BF57}.Debug35|Any CPU.ActiveCfg = Debug|Any CPU
		{5D4AD9BE-1FFB-41AB-9943-25737971BF57}.Debug35|Any CPU.Build.0 = Debug|Any CPU
		{5D4AD9BE-1FFB-41AB-9943-25737971BF57}.Release|Any CPU.ActiveCfg = Release|Any CPU
		{5D4AD9BE-1FFB-41AB-9943-25737971BF57}.Release|Any CPU.Build.0 = Release|Any CPU
		{5D4AD9BE-1FFB-41AB-9943-25737971BF57}.Release35|Any CPU.ActiveCfg = Release|Any CPU
		{5D4AD9BE-1FFB-41AB-9943-25737971BF57}.Release35|Any CPU.Build.0 = Release|Any CPU
		{72CF8BC1-3B48-4FEF-B1FC-35E0428631F4}.Debug|Any CPU.ActiveCfg = Debug|Any CPU
		{72CF8BC1-3B48-4FEF-B1FC-35E0428631F4}.Debug|Any CPU.Build.0 = Debug|Any CPU
		{72CF8BC1-3B48-4FEF-B1FC-35E0428631F4}.Debug35|Any CPU.ActiveCfg = Debug|Any CPU
		{72CF8BC1-3B48-4FEF-B1FC-35E0428631F4}.Debug35|Any CPU.Build.0 = Debug|Any CPU
		{72CF8BC1-3B48-4FEF-B1FC-35E0428631F4}.Release|Any CPU.ActiveCfg = Release|Any CPU
		{72CF8BC1-3B48-4FEF-B1FC-35E0428631F4}.Release|Any CPU.Build.0 = Release|Any CPU
		{72CF8BC1-3B48-4FEF-B1FC-35E0428631F4}.Release35|Any CPU.ActiveCfg = Release|Any CPU
		{72CF8BC1-3B48-4FEF-B1FC-35E0428631F4}.Release35|Any CPU.Build.0 = Release|Any CPU
		{4A176A7B-5F06-4B6D-A022-9AE9B85F6C65}.Debug|Any CPU.ActiveCfg = Debug|Any CPU
		{4A176A7B-5F06-4B6D-A022-9AE9B85F6C65}.Debug|Any CPU.Build.0 = Debug|Any CPU
		{4A176A7B-5F06-4B6D-A022-9AE9B85F6C65}.Debug35|Any CPU.ActiveCfg = Debug|Any CPU
		{4A176A7B-5F06-4B6D-A022-9AE9B85F6C65}.Debug35|Any CPU.Build.0 = Debug|Any CPU
		{4A176A7B-5F06-4B6D-A022-9AE9B85F6C65}.Release|Any CPU.ActiveCfg = Release|Any CPU
		{4A176A7B-5F06-4B6D-A022-9AE9B85F6C65}.Release|Any CPU.Build.0 = Release|Any CPU
		{4A176A7B-5F06-4B6D-A022-9AE9B85F6C65}.Release35|Any CPU.ActiveCfg = Release|Any CPU
		{4A176A7B-5F06-4B6D-A022-9AE9B85F6C65}.Release35|Any CPU.Build.0 = Release|Any CPU
		{F0B1D74F-9C24-4D49-8660-7425BE8F91E2}.Debug|Any CPU.ActiveCfg = Debug|Any CPU
		{F0B1D74F-9C24-4D49-8660-7425BE8F91E2}.Debug|Any CPU.Build.0 = Debug|Any CPU
		{F0B1D74F-9C24-4D49-8660-7425BE8F91E2}.Debug35|Any CPU.ActiveCfg = Debug|Any CPU
		{F0B1D74F-9C24-4D49-8660-7425BE8F91E2}.Debug35|Any CPU.Build.0 = Debug|Any CPU
		{F0B1D74F-9C24-4D49-8660-7425BE8F91E2}.Release|Any CPU.ActiveCfg = Release|Any CPU
		{F0B1D74F-9C24-4D49-8660-7425BE8F91E2}.Release|Any CPU.Build.0 = Release|Any CPU
		{F0B1D74F-9C24-4D49-8660-7425BE8F91E2}.Release35|Any CPU.ActiveCfg = Release|Any CPU
		{F0B1D74F-9C24-4D49-8660-7425BE8F91E2}.Release35|Any CPU.Build.0 = Release|Any CPU
		{86B708A0-5F8D-4014-A132-1ADD2E8BFAF8}.Debug|Any CPU.ActiveCfg = Debug|Any CPU
		{86B708A0-5F8D-4014-A132-1ADD2E8BFAF8}.Debug|Any CPU.Build.0 = Debug|Any CPU
		{86B708A0-5F8D-4014-A132-1ADD2E8BFAF8}.Debug35|Any CPU.ActiveCfg = Debug|Any CPU
		{86B708A0-5F8D-4014-A132-1ADD2E8BFAF8}.Debug35|Any CPU.Build.0 = Debug|Any CPU
		{86B708A0-5F8D-4014-A132-1ADD2E8BFAF8}.Release|Any CPU.ActiveCfg = Release|Any CPU
		{86B708A0-5F8D-4014-A132-1ADD2E8BFAF8}.Release|Any CPU.Build.0 = Release|Any CPU
		{86B708A0-5F8D-4014-A132-1ADD2E8BFAF8}.Release35|Any CPU.ActiveCfg = Release|Any CPU
		{86B708A0-5F8D-4014-A132-1ADD2E8BFAF8}.Release35|Any CPU.Build.0 = Release|Any CPU
		{1A8B2267-B8D8-4539-B0D0-7E755A2CDF42}.Debug|Any CPU.ActiveCfg = Debug|Any CPU
		{1A8B2267-B8D8-4539-B0D0-7E755A2CDF42}.Debug|Any CPU.Build.0 = Debug|Any CPU
		{1A8B2267-B8D8-4539-B0D0-7E755A2CDF42}.Debug35|Any CPU.ActiveCfg = Debug|Any CPU
		{1A8B2267-B8D8-4539-B0D0-7E755A2CDF42}.Debug35|Any CPU.Build.0 = Debug|Any CPU
		{1A8B2267-B8D8-4539-B0D0-7E755A2CDF42}.Release|Any CPU.ActiveCfg = Release|Any CPU
		{1A8B2267-B8D8-4539-B0D0-7E755A2CDF42}.Release|Any CPU.Build.0 = Release|Any CPU
		{1A8B2267-B8D8-4539-B0D0-7E755A2CDF42}.Release35|Any CPU.ActiveCfg = Release|Any CPU
		{1A8B2267-B8D8-4539-B0D0-7E755A2CDF42}.Release35|Any CPU.Build.0 = Release|Any CPU
		{3BF3D5E4-CAD1-4287-B88A-70BE80C4A7AC}.Debug|Any CPU.ActiveCfg = Debug|Any CPU
		{3BF3D5E4-CAD1-4287-B88A-70BE80C4A7AC}.Debug|Any CPU.Build.0 = Debug|Any CPU
		{3BF3D5E4-CAD1-4287-B88A-70BE80C4A7AC}.Debug35|Any CPU.ActiveCfg = Debug|Any CPU
		{3BF3D5E4-CAD1-4287-B88A-70BE80C4A7AC}.Debug35|Any CPU.Build.0 = Debug|Any CPU
		{3BF3D5E4-CAD1-4287-B88A-70BE80C4A7AC}.Release|Any CPU.ActiveCfg = Release|Any CPU
		{3BF3D5E4-CAD1-4287-B88A-70BE80C4A7AC}.Release|Any CPU.Build.0 = Release|Any CPU
		{3BF3D5E4-CAD1-4287-B88A-70BE80C4A7AC}.Release35|Any CPU.ActiveCfg = Release|Any CPU
		{3BF3D5E4-CAD1-4287-B88A-70BE80C4A7AC}.Release35|Any CPU.Build.0 = Release|Any CPU
		{DF555858-4CF6-4CAC-8BAD-662D798B5D60}.Debug|Any CPU.ActiveCfg = Debug|Any CPU
		{DF555858-4CF6-4CAC-8BAD-662D798B5D60}.Debug|Any CPU.Build.0 = Debug|Any CPU
		{DF555858-4CF6-4CAC-8BAD-662D798B5D60}.Debug35|Any CPU.ActiveCfg = Debug|Any CPU
		{DF555858-4CF6-4CAC-8BAD-662D798B5D60}.Debug35|Any CPU.Build.0 = Debug|Any CPU
		{DF555858-4CF6-4CAC-8BAD-662D798B5D60}.Release|Any CPU.ActiveCfg = Release|Any CPU
		{DF555858-4CF6-4CAC-8BAD-662D798B5D60}.Release|Any CPU.Build.0 = Release|Any CPU
		{DF555858-4CF6-4CAC-8BAD-662D798B5D60}.Release35|Any CPU.ActiveCfg = Release|Any CPU
		{DF555858-4CF6-4CAC-8BAD-662D798B5D60}.Release35|Any CPU.Build.0 = Release|Any CPU
	EndGlobalSection
	GlobalSection(SolutionProperties) = preSolution
		HideSolutionNode = FALSE
	EndGlobalSection
	GlobalSection(NestedProjects) = preSolution
		{F04CA2F4-E182-46A8-B914-F46AF5319E83} = {4161BF1F-2917-4547-ABD0-54AAF9E97BC8}
		{5D4AD9BE-1FFB-41AB-9943-25737971BF57} = {27B24BCD-695E-4C4D-AE4F-58F98EFFBF7A}
		{72CF8BC1-3B48-4FEF-B1FC-35E0428631F4} = {4161BF1F-2917-4547-ABD0-54AAF9E97BC8}
		{4A176A7B-5F06-4B6D-A022-9AE9B85F6C65} = {27B24BCD-695E-4C4D-AE4F-58F98EFFBF7A}
		{F0B1D74F-9C24-4D49-8660-7425BE8F91E2} = {4161BF1F-2917-4547-ABD0-54AAF9E97BC8}
		{86B708A0-5F8D-4014-A132-1ADD2E8BFAF8} = {27B24BCD-695E-4C4D-AE4F-58F98EFFBF7A}
		{1A8B2267-B8D8-4539-B0D0-7E755A2CDF42} = {4161BF1F-2917-4547-ABD0-54AAF9E97BC8}
		{3BF3D5E4-CAD1-4287-B88A-70BE80C4A7AC} = {27B24BCD-695E-4C4D-AE4F-58F98EFFBF7A}
		{DF555858-4CF6-4CAC-8BAD-662D798B5D60} = {27B24BCD-695E-4C4D-AE4F-58F98EFFBF7A}
	EndGlobalSection
	GlobalSection(ExtensibilityGlobals) = postSolution
		SolutionGuid = {4484C268-4C8C-4D9F-81D2-BEB4763C5EB6}
	EndGlobalSection
	GlobalSection(CodealikeProperties) = postSolution
		SolutionGuid = 4dcfcd57-d236-49fc-b446-d90cef07526a
	EndGlobalSection
EndGlobal
